
Microsoft Visual Studio Solution File, Format Version 12.00
# Visual Studio Version 17
VisualStudioVersion = 17.9.34728.123
MinimumVisualStudioVersion = 10.0.40219.1
Project("{9A19103F-16F7-4668-BE54-9A1E7A4F7556}") = "DotNetBinaryAdjuster.Test", "DotNetBinaryAdjuster.Test.csproj", "{9BA0FB27-1DAF-43CD-A0EE-F952EE198D5F}"
EndProject
Project("{FAE04EC0-301F-11D3-BF4B-00C04F79EFBC}") = "TestedBinaryProj", "..\TestedBinaryProj\TestedBinaryProj.csproj", "{229DA0F5-2CEF-49C2-B59D-66280113D6B0}"
EndProject
Global
	GlobalSection(SolutionConfigurationPlatforms) = preSolution
		Debug|Any CPU = Debug|Any CPU
		Release|Any CPU = Release|Any CPU
	EndGlobalSection
	GlobalSection(ProjectConfigurationPlatforms) = postSolution
		{9BA0FB27-1DAF-43CD-A0EE-F952EE198D5F}.Debug|Any CPU.ActiveCfg = Debug|Any CPU
		{9BA0FB27-1DAF-43CD-A0EE-F952EE198D5F}.Debug|Any CPU.Build.0 = Debug|Any CPU
		{9BA0FB27-1DAF-43CD-A0EE-F952EE198D5F}.Release|Any CPU.ActiveCfg = Release|Any CPU
		{9BA0FB27-1DAF-43CD-A0EE-F952EE198D5F}.Release|Any CPU.Build.0 = Release|Any CPU
		{229DA0F5-2CEF-49C2-B59D-66280113D6B0}.Debug|Any CPU.ActiveCfg = Debug|Any CPU
		{229DA0F5-2CEF-49C2-B59D-66280113D6B0}.Debug|Any CPU.Build.0 = Debug|Any CPU
		{229DA0F5-2CEF-49C2-B59D-66280113D6B0}.Release|Any CPU.ActiveCfg = Release|Any CPU
		{229DA0F5-2CEF-49C2-B59D-66280113D6B0}.Release|Any CPU.Build.0 = Release|Any CPU
	EndGlobalSection
	GlobalSection(SolutionProperties) = preSolution
		HideSolutionNode = FALSE
	EndGlobalSection
	GlobalSection(ExtensibilityGlobals) = postSolution
		SolutionGuid = {8E590DB0-48CB-4081-8EF0-A3766A68F7FE}
	EndGlobalSection
EndGlobal
